
Microsoft Visual Studio Solution File, Format Version 12.00
# Visual Studio Version 16
VisualStudioVersion = 16.0.29418.71
MinimumVisualStudioVersion = 10.0.40219.1
Project("{9A19103F-16F7-4668-BE54-9A1E7A4F7556}") = "SeleniumCoypuAppiumFramework", "SeleniumCoypuAppiumFramework.csproj", "{5030A563-5DF8-4C3E-AAF2-AE54318DFE29}"
EndProject
Global
	GlobalSection(SolutionConfigurationPlatforms) = preSolution
		Debug|Any CPU = Debug|Any CPU
		Release|Any CPU = Release|Any CPU
	EndGlobalSection
	GlobalSection(ProjectConfigurationPlatforms) = postSolution
		{5030A563-5DF8-4C3E-AAF2-AE54318DFE29}.Debug|Any CPU.ActiveCfg = Debug|Any CPU
		{5030A563-5DF8-4C3E-AAF2-AE54318DFE29}.Debug|Any CPU.Build.0 = Debug|Any CPU
		{5030A563-5DF8-4C3E-AAF2-AE54318DFE29}.Release|Any CPU.ActiveCfg = Release|Any CPU
		{5030A563-5DF8-4C3E-AAF2-AE54318DFE29}.Release|Any CPU.Build.0 = Release|Any CPU
	EndGlobalSection
	GlobalSection(SolutionProperties) = preSolution
		HideSolutionNode = FALSE
	EndGlobalSection
	GlobalSection(ExtensibilityGlobals) = postSolution
		SolutionGuid = {C048B656-FD88-45A0-BCCC-B04D55B42EC9}
	EndGlobalSection
EndGlobal
